
Microsoft Visual Studio Solution File, Format Version 12.00
# Visual Studio 15
VisualStudioVersion = 15.0.27130.2024
MinimumVisualStudioVersion = 10.0.40219.1
Project("{FAE04EC0-301F-11D3-BF4B-00C04F79EFBC}") = "InfiniteLoop", "InfiniteLoop\InfiniteLoop.csproj", "{1DFD04C6-B6C8-4E90-BF2D-EACCCEB456E6}"
EndProject
Global
	GlobalSection(SolutionConfigurationPlatforms) = preSolution
		Debug|Any CPU = Debug|Any CPU
		Release|Any CPU = Release|Any CPU
	EndGlobalSection
	GlobalSection(ProjectConfigurationPlatforms) = postSolution
		{1DFD04C6-B6C8-4E90-BF2D-EACCCEB456E6}.Debug|Any CPU.ActiveCfg = Debug|Any CPU
		{1DFD04C6-B6C8-4E90-BF2D-EACCCEB456E6}.Debug|Any CPU.Build.0 = Debug|Any CPU
		{1DFD04C6-B6C8-4E90-BF2D-EACCCEB456E6}.Release|Any CPU.ActiveCfg = Release|Any CPU
		{1DFD04C6-B6C8-4E90-BF2D-EACCCEB456E6}.Release|Any CPU.Build.0 = Release|Any CPU
	EndGlobalSection
	GlobalSection(SolutionProperties) = preSolution
		HideSolutionNode = FALSE
	EndGlobalSection
	GlobalSection(ExtensibilityGlobals) = postSolution
		SolutionGuid = {BA84608E-3B53-44DD-BAEB-D319930B195C}
	EndGlobalSection
EndGlobal
